
Microsoft Visual Studio Solution File, Format Version 12.00
Project("{2150E333-8FDC-42A3-9474-1A3956D46DE8}") = "src", "src", "{D4F3532B-AFC8-4D7C-8766-4BFD0E888F88}"
EndProject
Project("{2150E333-8FDC-42A3-9474-1A3956D46DE8}") = "tests", "tests", "{84FE27CF-1A75-423D-A444-5EFC08DA2BF4}"
EndProject
Project("{FAE04EC0-301F-11D3-BF4B-00C04F79EFBC}") = "2getherBoards.Backend.Api", "src\2getherBoards.Backend.Api\2getherBoards.Backend.Api.csproj", "{D4AB185E-FCAE-497F-A1EE-B9F182A59DCC}"
EndProject
Global
	GlobalSection(SolutionConfigurationPlatforms) = preSolution
		Debug|Any CPU = Debug|Any CPU
		Release|Any CPU = Release|Any CPU
	EndGlobalSection
	GlobalSection(NestedProjects) = preSolution
		{D4AB185E-FCAE-497F-A1EE-B9F182A59DCC} = {D4F3532B-AFC8-4D7C-8766-4BFD0E888F88}
	EndGlobalSection
	GlobalSection(ProjectConfigurationPlatforms) = postSolution
		{D4AB185E-FCAE-497F-A1EE-B9F182A59DCC}.Debug|Any CPU.ActiveCfg = Debug|Any CPU
		{D4AB185E-FCAE-497F-A1EE-B9F182A59DCC}.Debug|Any CPU.Build.0 = Debug|Any CPU
		{D4AB185E-FCAE-497F-A1EE-B9F182A59DCC}.Release|Any CPU.ActiveCfg = Release|Any CPU
		{D4AB185E-FCAE-497F-A1EE-B9F182A59DCC}.Release|Any CPU.Build.0 = Release|Any CPU
	EndGlobalSection
EndGlobal
